// !$*UTF8*$!
{
	archiveVersion = 1;
	classes = {
	};
	objectVersion = 51;
	objects = {

/* Begin PBXBuildFile section */
		1F0655F32536B80D00DE26E0 /* AppDelegate.swift in Sources */ = {isa = PBXBuildFile; fileRef = 1F0655F22536B80D00DE26E0 /* AppDelegate.swift */; };
		1F0655F52536B80D00DE26E0 /* SceneDelegate.swift in Sources */ = {isa = PBXBuildFile; fileRef = 1F0655F42536B80D00DE26E0 /* SceneDelegate.swift */; };
		1F0655F72536B80D00DE26E0 /* ContentView.swift in Sources */ = {isa = PBXBuildFile; fileRef = 1F0655F62536B80D00DE26E0 /* ContentView.swift */; };
		1F0655FC2536B80F00DE26E0 /* Preview Assets.xcassets in Resources */ = {isa = PBXBuildFile; fileRef = 1F0655FB2536B80F00DE26E0 /* Preview Assets.xcassets */; };
		1F0655FF2536B80F00DE26E0 /* LaunchScreen.storyboard in Resources */ = {isa = PBXBuildFile; fileRef = 1F0655FD2536B80F00DE26E0 /* LaunchScreen.storyboard */; };
		1F0656082536BD8600DE26E0 /* DreamBelieveAchieve.xcdatamodeld in Sources */ = {isa = PBXBuildFile; fileRef = 1F0656062536BD8600DE26E0 /* DreamBelieveAchieve.xcdatamodeld */; };
		1F5C53162540BA4100A06AD1 /* NotificationQuoteView.swift in Sources */ = {isa = PBXBuildFile; fileRef = 1F5C53152540BA4100A06AD1 /* NotificationQuoteView.swift */; };
		1F5D3F4C2537C282001B4E19 /* QuoteCard.swift in Sources */ = {isa = PBXBuildFile; fileRef = 1F5D3F4B2537C282001B4E19 /* QuoteCard.swift */; };
		1F9EE18F2537777C00F33C3F /* Assets.xcassets in Resources */ = {isa = PBXBuildFile; fileRef = 1F9EE18E2537777C00F33C3F /* Assets.xcassets */; };
		1F9EE1912537850200F33C3F /* NavigationTiles.swift in Sources */ = {isa = PBXBuildFile; fileRef = 1F9EE1902537850200F33C3F /* NavigationTiles.swift */; };
		1F9EE1932537860000F33C3F /* RandomQuoteView.swift in Sources */ = {isa = PBXBuildFile; fileRef = 1F9EE1922537860000F33C3F /* RandomQuoteView.swift */; };
		1F9EE1952537864C00F33C3F /* DailyQuoteTimeView.swift in Sources */ = {isa = PBXBuildFile; fileRef = 1F9EE1942537864C00F33C3F /* DailyQuoteTimeView.swift */; };
		1F9EE1972537866900F33C3F /* SearchQuoteView.swift in Sources */ = {isa = PBXBuildFile; fileRef = 1F9EE1962537866900F33C3F /* SearchQuoteView.swift */; };
		1F9EE1992537869000F33C3F /* FavoriteQuotesView.swift in Sources */ = {isa = PBXBuildFile; fileRef = 1F9EE1982537869000F33C3F /* FavoriteQuotesView.swift */; };
		7168F134E43C5A961E615EBA /* Pods_DreamBelieveAchieve.framework in Frameworks */ = {isa = PBXBuildFile; fileRef = E4021D7D9843B25077502F36 /* Pods_DreamBelieveAchieve.framework */; };
/* End PBXBuildFile section */

/* Begin PBXFileReference section */
		1F0655EF2536B80D00DE26E0 /* DreamBelieveAchieve.app */ = {isa = PBXFileReference; explicitFileType = wrapper.application; includeInIndex = 0; path = DreamBelieveAchieve.app; sourceTree = BUILT_PRODUCTS_DIR; };
		1F0655F22536B80D00DE26E0 /* AppDelegate.swift */ = {isa = PBXFileReference; lastKnownFileType = sourcecode.swift; path = AppDelegate.swift; sourceTree = "<group>"; };
		1F0655F42536B80D00DE26E0 /* SceneDelegate.swift */ = {isa = PBXFileReference; lastKnownFileType = sourcecode.swift; path = SceneDelegate.swift; sourceTree = "<group>"; };
		1F0655F62536B80D00DE26E0 /* ContentView.swift */ = {isa = PBXFileReference; lastKnownFileType = sourcecode.swift; path = ContentView.swift; sourceTree = "<group>"; };
		1F0655FB2536B80F00DE26E0 /* Preview Assets.xcassets */ = {isa = PBXFileReference; lastKnownFileType = folder.assetcatalog; path = "Preview Assets.xcassets"; sourceTree = "<group>"; };
		1F0655FE2536B80F00DE26E0 /* Base */ = {isa = PBXFileReference; lastKnownFileType = file.storyboard; name = Base; path = Base.lproj/LaunchScreen.storyboard; sourceTree = "<group>"; };
		1F0656002536B80F00DE26E0 /* Info.plist */ = {isa = PBXFileReference; lastKnownFileType = text.plist.xml; path = Info.plist; sourceTree = "<group>"; };
		1F0656072536BD8600DE26E0 /* DreamBelieveAchieve.xcdatamodel */ = {isa = PBXFileReference; lastKnownFileType = wrapper.xcdatamodel; path = DreamBelieveAchieve.xcdatamodel; sourceTree = "<group>"; };
		1F5C53152540BA4100A06AD1 /* NotificationQuoteView.swift */ = {isa = PBXFileReference; lastKnownFileType = sourcecode.swift; path = NotificationQuoteView.swift; sourceTree = "<group>"; };
		1F5D3F4B2537C282001B4E19 /* QuoteCard.swift */ = {isa = PBXFileReference; lastKnownFileType = sourcecode.swift; path = QuoteCard.swift; sourceTree = "<group>"; };
		1F9EE18E2537777C00F33C3F /* Assets.xcassets */ = {isa = PBXFileReference; lastKnownFileType = folder.assetcatalog; path = Assets.xcassets; sourceTree = "<group>"; };
		1F9EE1902537850200F33C3F /* NavigationTiles.swift */ = {isa = PBXFileReference; lastKnownFileType = sourcecode.swift; path = NavigationTiles.swift; sourceTree = "<group>"; };
		1F9EE1922537860000F33C3F /* RandomQuoteView.swift */ = {isa = PBXFileReference; lastKnownFileType = sourcecode.swift; path = RandomQuoteView.swift; sourceTree = "<group>"; };
		1F9EE1942537864C00F33C3F /* DailyQuoteTimeView.swift */ = {isa = PBXFileReference; lastKnownFileType = sourcecode.swift; path = DailyQuoteTimeView.swift; sourceTree = "<group>"; };
		1F9EE1962537866900F33C3F /* SearchQuoteView.swift */ = {isa = PBXFileReference; lastKnownFileType = sourcecode.swift; path = SearchQuoteView.swift; sourceTree = "<group>"; };
		1F9EE1982537869000F33C3F /* FavoriteQuotesView.swift */ = {isa = PBXFileReference; lastKnownFileType = sourcecode.swift; path = FavoriteQuotesView.swift; sourceTree = "<group>"; };
		4B9ADE9561D379506C644639 /* Pods-DreamBelieveAchieve.debug.xcconfig */ = {isa = PBXFileReference; includeInIndex = 1; lastKnownFileType = text.xcconfig; name = "Pods-DreamBelieveAchieve.debug.xcconfig"; path = "Target Support Files/Pods-DreamBelieveAchieve/Pods-DreamBelieveAchieve.debug.xcconfig"; sourceTree = "<group>"; };
		8207197ECC34CBEF6F1642BE /* Pods-DreamBelieveAchieve.release.xcconfig */ = {isa = PBXFileReference; includeInIndex = 1; lastKnownFileType = text.xcconfig; name = "Pods-DreamBelieveAchieve.release.xcconfig"; path = "Target Support Files/Pods-DreamBelieveAchieve/Pods-DreamBelieveAchieve.release.xcconfig"; sourceTree = "<group>"; };
		E4021D7D9843B25077502F36 /* Pods_DreamBelieveAchieve.framework */ = {isa = PBXFileReference; explicitFileType = wrapper.framework; includeInIndex = 0; path = Pods_DreamBelieveAchieve.framework; sourceTree = BUILT_PRODUCTS_DIR; };
/* End PBXFileReference section */

/* Begin PBXFrameworksBuildPhase section */
		1F0655EC2536B80D00DE26E0 /* Frameworks */ = {
			isa = PBXFrameworksBuildPhase;
			buildActionMask = 2147483647;
			files = (
				7168F134E43C5A961E615EBA /* Pods_DreamBelieveAchieve.framework in Frameworks */,
			);
			runOnlyForDeploymentPostprocessing = 0;
		};
/* End PBXFrameworksBuildPhase section */

/* Begin PBXGroup section */
		1F0655E62536B80D00DE26E0 = {
			isa = PBXGroup;
			children = (
				1F0655F12536B80D00DE26E0 /* DreamBelieveAchieve */,
				1F0655F02536B80D00DE26E0 /* Products */,
				5E389A64A9A42F963C6E9DFB /* Pods */,
				B8BEEEC59DF110444005E995 /* Frameworks */,
			);
			sourceTree = "<group>";
		};
		1F0655F02536B80D00DE26E0 /* Products */ = {
			isa = PBXGroup;
			children = (
				1F0655EF2536B80D00DE26E0 /* DreamBelieveAchieve.app */,
			);
			name = Products;
			sourceTree = "<group>";
		};
		1F0655F12536B80D00DE26E0 /* DreamBelieveAchieve */ = {
			isa = PBXGroup;
			children = (
				1F0655F22536B80D00DE26E0 /* AppDelegate.swift */,
				1F0655F42536B80D00DE26E0 /* SceneDelegate.swift */,
				1F9EE1902537850200F33C3F /* NavigationTiles.swift */,
				1F5C53152540BA4100A06AD1 /* NotificationQuoteView.swift */,
				1F0655F62536B80D00DE26E0 /* ContentView.swift */,
				1F9EE1942537864C00F33C3F /* DailyQuoteTimeView.swift */,
				1F9EE1922537860000F33C3F /* RandomQuoteView.swift */,
				1F9EE1982537869000F33C3F /* FavoriteQuotesView.swift */,
				1F5D3F4B2537C282001B4E19 /* QuoteCard.swift */,
				1F9EE1962537866900F33C3F /* SearchQuoteView.swift */,
				1F0656062536BD8600DE26E0 /* DreamBelieveAchieve.xcdatamodeld */,
				1F0655FD2536B80F00DE26E0 /* LaunchScreen.storyboard */,
				1F9EE18E2537777C00F33C3F /* Assets.xcassets */,
				1F0656002536B80F00DE26E0 /* Info.plist */,
				1F0655FA2536B80F00DE26E0 /* Preview Content */,
			);
			path = DreamBelieveAchieve;
			sourceTree = "<group>";
		};
		1F0655FA2536B80F00DE26E0 /* Preview Content */ = {
			isa = PBXGroup;
			children = (
				1F0655FB2536B80F00DE26E0 /* Preview Assets.xcassets */,
			);
			path = "Preview Content";
			sourceTree = "<group>";
		};
		5E389A64A9A42F963C6E9DFB /* Pods */ = {
			isa = PBXGroup;
			children = (
				4B9ADE9561D379506C644639 /* Pods-DreamBelieveAchieve.debug.xcconfig */,
				8207197ECC34CBEF6F1642BE /* Pods-DreamBelieveAchieve.release.xcconfig */,
			);
			path = Pods;
			sourceTree = "<group>";
		};
		B8BEEEC59DF110444005E995 /* Frameworks */ = {
			isa = PBXGroup;
			children = (
				E4021D7D9843B25077502F36 /* Pods_DreamBelieveAchieve.framework */,
			);
			name = Frameworks;
			sourceTree = "<group>";
		};
/* End PBXGroup section */

/* Begin PBXNativeTarget section */
		1F0655EE2536B80D00DE26E0 /* DreamBelieveAchieve */ = {
			isa = PBXNativeTarget;
			buildConfigurationList = 1F0656032536B80F00DE26E0 /* Build configuration list for PBXNativeTarget "DreamBelieveAchieve" */;
			buildPhases = (
				4FC6130B6150311D57DE24C9 /* [CP] Check Pods Manifest.lock */,
				1F0655EB2536B80D00DE26E0 /* Sources */,
				1F0655EC2536B80D00DE26E0 /* Frameworks */,
				1F0655ED2536B80D00DE26E0 /* Resources */,
				CB94CC7A36CA6ED186A17852 /* [CP] Embed Pods Frameworks */,
			);
			buildRules = (
			);
			dependencies = (
			);
			name = DreamBelieveAchieve;
			productName = DreamBelieveAchieve;
			productReference = 1F0655EF2536B80D00DE26E0 /* DreamBelieveAchieve.app */;
			productType = "com.apple.product-type.application";
		};
/* End PBXNativeTarget section */

/* Begin PBXProject section */
		1F0655E72536B80D00DE26E0 /* Project object */ = {
			isa = PBXProject;
			attributes = {
				LastSwiftUpdateCheck = 1170;
				LastUpgradeCheck = 1170;
				ORGANIZATIONNAME = "Jake Garcia";
				TargetAttributes = {
					1F0655EE2536B80D00DE26E0 = {
						CreatedOnToolsVersion = 11.7;
					};
				};
			};
			buildConfigurationList = 1F0655EA2536B80D00DE26E0 /* Build configuration list for PBXProject "DreamBelieveAchieve" */;
			compatibilityVersion = "Xcode 9.3";
			developmentRegion = en;
			hasScannedForEncodings = 0;
			knownRegions = (
				en,
				Base,
			);
			mainGroup = 1F0655E62536B80D00DE26E0;
			productRefGroup = 1F0655F02536B80D00DE26E0 /* Products */;
			projectDirPath = "";
			projectRoot = "";
			targets = (
				1F0655EE2536B80D00DE26E0 /* DreamBelieveAchieve */,
			);
		};
/* End PBXProject section */

/* Begin PBXResourcesBuildPhase section */
		1F0655ED2536B80D00DE26E0 /* Resources */ = {
			isa = PBXResourcesBuildPhase;
			buildActionMask = 2147483647;
			files = (
				1F0655FF2536B80F00DE26E0 /* LaunchScreen.storyboard in Resources */,
				1F9EE18F2537777C00F33C3F /* Assets.xcassets in Resources */,
				1F0655FC2536B80F00DE26E0 /* Preview Assets.xcassets in Resources */,
			);
			runOnlyForDeploymentPostprocessing = 0;
		};
/* End PBXResourcesBuildPhase section */

/* Begin PBXShellScriptBuildPhase section */
		4FC6130B6150311D57DE24C9 /* [CP] Check Pods Manifest.lock */ = {
			isa = PBXShellScriptBuildPhase;
			buildActionMask = 2147483647;
			files = (
			);
			inputFileListPaths = (
			);
			inputPaths = (
				"${PODS_PODFILE_DIR_PATH}/Podfile.lock",
				"${PODS_ROOT}/Manifest.lock",
			);
			name = "[CP] Check Pods Manifest.lock";
			outputFileListPaths = (
			);
			outputPaths = (
				"$(DERIVED_FILE_DIR)/Pods-DreamBelieveAchieve-checkManifestLockResult.txt",
			);
			runOnlyForDeploymentPostprocessing = 0;
			shellPath = /bin/sh;
			shellScript = "diff \"${PODS_PODFILE_DIR_PATH}/Podfile.lock\" \"${PODS_ROOT}/Manifest.lock\" > /dev/null\nif [ $? != 0 ] ; then\n    # print error to STDERR\n    echo \"error: The sandbox is not in sync with the Podfile.lock. Run 'pod install' or update your CocoaPods installation.\" >&2\n    exit 1\nfi\n# This output is used by Xcode 'outputs' to avoid re-running this script phase.\necho \"SUCCESS\" > \"${SCRIPT_OUTPUT_FILE_0}\"\n";
			showEnvVarsInLog = 0;
		};
		CB94CC7A36CA6ED186A17852 /* [CP] Embed Pods Frameworks */ = {
			isa = PBXShellScriptBuildPhase;
			buildActionMask = 2147483647;
			files = (
			);
			inputFileListPaths = (
				"${PODS_ROOT}/Target Support Files/Pods-DreamBelieveAchieve/Pods-DreamBelieveAchieve-frameworks-${CONFIGURATION}-input-files.xcfilelist",
			);
			name = "[CP] Embed Pods Frameworks";
			outputFileListPaths = (
				"${PODS_ROOT}/Target Support Files/Pods-DreamBelieveAchieve/Pods-DreamBelieveAchieve-frameworks-${CONFIGURATION}-output-files.xcfilelist",
			);
			runOnlyForDeploymentPostprocessing = 0;
			shellPath = /bin/sh;
			shellScript = "\"${PODS_ROOT}/Target Support Files/Pods-DreamBelieveAchieve/Pods-DreamBelieveAchieve-frameworks.sh\"\n";
			showEnvVarsInLog = 0;
		};
/* End PBXShellScriptBuildPhase section */

/* Begin PBXSourcesBuildPhase section */
		1F0655EB2536B80D00DE26E0 /* Sources */ = {
			isa = PBXSourcesBuildPhase;
			buildActionMask = 2147483647;
			files = (
				1F9EE1952537864C00F33C3F /* DailyQuoteTimeView.swift in Sources */,
				1F9EE1932537860000F33C3F /* RandomQuoteView.swift in Sources */,
				1F0656082536BD8600DE26E0 /* DreamBelieveAchieve.xcdatamodeld in Sources */,
				1F0655F32536B80D00DE26E0 /* AppDelegate.swift in Sources */,
				1F0655F52536B80D00DE26E0 /* SceneDelegate.swift in Sources */,
				1F0655F72536B80D00DE26E0 /* ContentView.swift in Sources */,
				1F5D3F4C2537C282001B4E19 /* QuoteCard.swift in Sources */,
				1F9EE1992537869000F33C3F /* FavoriteQuotesView.swift in Sources */,
				1F9EE1912537850200F33C3F /* NavigationTiles.swift in Sources */,
				1F5C53162540BA4100A06AD1 /* NotificationQuoteView.swift in Sources */,
				1F9EE1972537866900F33C3F /* SearchQuoteView.swift in Sources */,
			);
			runOnlyForDeploymentPostprocessing = 0;
		};
/* End PBXSourcesBuildPhase section */

/* Begin PBXVariantGroup section */
		1F0655FD2536B80F00DE26E0 /* LaunchScreen.storyboard */ = {
			isa = PBXVariantGroup;
			children = (
				1F0655FE2536B80F00DE26E0 /* Base */,
			);
			name = LaunchScreen.storyboard;
			sourceTree = "<group>";
		};
/* End PBXVariantGroup section */

/* Begin XCBuildConfiguration section */
		1F0656012536B80F00DE26E0 /* Debug */ = {
			isa = XCBuildConfiguration;
			buildSettings = {
				ALWAYS_SEARCH_USER_PATHS = NO;
				CLANG_ANALYZER_NONNULL = YES;
				CLANG_ANALYZER_NUMBER_OBJECT_CONVERSION = YES_AGGRESSIVE;
				CLANG_CXX_LANGUAGE_STANDARD = "gnu++14";
				CLANG_CXX_LIBRARY = "libc++";
				CLANG_ENABLE_MODULES = YES;
				CLANG_ENABLE_OBJC_ARC = YES;
				CLANG_ENABLE_OBJC_WEAK = YES;
				CLANG_WARN_BLOCK_CAPTURE_AUTORELEASING = YES;
				CLANG_WARN_BOOL_CONVERSION = YES;
				CLANG_WARN_COMMA = YES;
				CLANG_WARN_CONSTANT_CONVERSION = YES;
				CLANG_WARN_DEPRECATED_OBJC_IMPLEMENTATIONS = YES;
				CLANG_WARN_DIRECT_OBJC_ISA_USAGE = YES_ERROR;
				CLANG_WARN_DOCUMENTATION_COMMENTS = YES;
				CLANG_WARN_EMPTY_BODY = YES;
				CLANG_WARN_ENUM_CONVERSION = YES;
				CLANG_WARN_INFINITE_RECURSION = YES;
				CLANG_WARN_INT_CONVERSION = YES;
				CLANG_WARN_NON_LITERAL_NULL_CONVERSION = YES;
				CLANG_WARN_OBJC_IMPLICIT_RETAIN_SELF = YES;
				CLANG_WARN_OBJC_LITERAL_CONVERSION = YES;
				CLANG_WARN_OBJC_ROOT_CLASS = YES_ERROR;
				CLANG_WARN_RANGE_LOOP_ANALYSIS = YES;
				CLANG_WARN_STRICT_PROTOTYPES = YES;
				CLANG_WARN_SUSPICIOUS_MOVE = YES;
				CLANG_WARN_UNGUARDED_AVAILABILITY = YES_AGGRESSIVE;
				CLANG_WARN_UNREACHABLE_CODE = YES;
				CLANG_WARN__DUPLICATE_METHOD_MATCH = YES;
				COPY_PHASE_STRIP = NO;
				DEBUG_INFORMATION_FORMAT = dwarf;
				ENABLE_STRICT_OBJC_MSGSEND = YES;
				ENABLE_TESTABILITY = YES;
				GCC_C_LANGUAGE_STANDARD = gnu11;
				GCC_DYNAMIC_NO_PIC = NO;
				GCC_NO_COMMON_BLOCKS = YES;
				GCC_OPTIMIZATION_LEVEL = 0;
				GCC_PREPROCESSOR_DEFINITIONS = (
					"DEBUG=1",
					"$(inherited)",
				);
				GCC_WARN_64_TO_32_BIT_CONVERSION = YES;
				GCC_WARN_ABOUT_RETURN_TYPE = YES_ERROR;
				GCC_WARN_UNDECLARED_SELECTOR = YES;
				GCC_WARN_UNINITIALIZED_AUTOS = YES_AGGRESSIVE;
				GCC_WARN_UNUSED_FUNCTION = YES;
				GCC_WARN_UNUSED_VARIABLE = YES;
				IPHONEOS_DEPLOYMENT_TARGET = 13.7;
				MTL_ENABLE_DEBUG_INFO = INCLUDE_SOURCE;
				MTL_FAST_MATH = YES;
				ONLY_ACTIVE_ARCH = YES;
				SDKROOT = iphoneos;
				SWIFT_ACTIVE_COMPILATION_CONDITIONS = DEBUG;
				SWIFT_OPTIMIZATION_LEVEL = "-Onone";
			};
			name = Debug;
		};
		1F0656022536B80F00DE26E0 /* Release */ = {
			isa = XCBuildConfiguration;
			buildSettings = {
				ALWAYS_SEARCH_USER_PATHS = NO;
				CLANG_ANALYZER_NONNULL = YES;
				CLANG_ANALYZER_NUMBER_OBJECT_CONVERSION = YES_AGGRESSIVE;
				CLANG_CXX_LANGUAGE_STANDARD = "gnu++14";
				CLANG_CXX_LIBRARY = "libc++";
				CLANG_ENABLE_MODULES = YES;
				CLANG_ENABLE_OBJC_ARC = YES;
				CLANG_ENABLE_OBJC_WEAK = YES;
				CLANG_WARN_BLOCK_CAPTURE_AUTORELEASING = YES;
				CLANG_WARN_BOOL_CONVERSION = YES;
				CLANG_WARN_COMMA = YES;
				CLANG_WARN_CONSTANT_CONVERSION = YES;
				CLANG_WARN_DEPRECATED_OBJC_IMPLEMENTATIONS = YES;
				CLANG_WARN_DIRECT_OBJC_ISA_USAGE = YES_ERROR;
				CLANG_WARN_DOCUMENTATION_COMMENTS = YES;
				CLANG_WARN_EMPTY_BODY = YES;
				CLANG_WARN_ENUM_CONVERSION = YES;
				CLANG_WARN_INFINITE_RECURSION = YES;
				CLANG_WARN_INT_CONVERSION = YES;
				CLANG_WARN_NON_LITERAL_NULL_CONVERSION = YES;
				CLANG_WARN_OBJC_IMPLICIT_RETAIN_SELF = YES;
				CLANG_WARN_OBJC_LITERAL_CONVERSION = YES;
				CLANG_WARN_OBJC_ROOT_CLASS = YES_ERROR;
				CLANG_WARN_RANGE_LOOP_ANALYSIS = YES;
				CLANG_WARN_STRICT_PROTOTYPES = YES;
				CLANG_WARN_SUSPICIOUS_MOVE = YES;
				CLANG_WARN_UNGUARDED_AVAILABILITY = YES_AGGRESSIVE;
				CLANG_WARN_UNREACHABLE_CODE = YES;
				CLANG_WARN__DUPLICATE_METHOD_MATCH = YES;
				COPY_PHASE_STRIP = NO;
				DEBUG_INFORMATION_FORMAT = "dwarf-with-dsym";
				ENABLE_NS_ASSERTIONS = NO;
				ENABLE_STRICT_OBJC_MSGSEND = YES;
				GCC_C_LANGUAGE_STANDARD = gnu11;
				GCC_NO_COMMON_BLOCKS = YES;
				GCC_WARN_64_TO_32_BIT_CONVERSION = YES;
				GCC_WARN_ABOUT_RETURN_TYPE = YES_ERROR;
				GCC_WARN_UNDECLARED_SELECTOR = YES;
				GCC_WARN_UNINITIALIZED_AUTOS = YES_AGGRESSIVE;
				GCC_WARN_UNUSED_FUNCTION = YES;
				GCC_WARN_UNUSED_VARIABLE = YES;
				IPHONEOS_DEPLOYMENT_TARGET = 13.7;
				MTL_ENABLE_DEBUG_INFO = NO;
				MTL_FAST_MATH = YES;
				SDKROOT = iphoneos;
				SWIFT_COMPILATION_MODE = wholemodule;
				SWIFT_OPTIMIZATION_LEVEL = "-O";
				VALIDATE_PRODUCT = YES;
			};
			name = Release;
		};
		1F0656042536B80F00DE26E0 /* Debug */ = {
			isa = XCBuildConfiguration;
			baseConfigurationReference = 4B9ADE9561D379506C644639 /* Pods-DreamBelieveAchieve.debug.xcconfig */;
			buildSettings = {
				ASSETCATALOG_COMPILER_APPICON_NAME = AppIcon;
				CODE_SIGN_STYLE = Automatic;
				DEVELOPMENT_ASSET_PATHS = "\"DreamBelieveAchieve/Preview Content\"";
				DEVELOPMENT_TEAM = P68NKZ4NT5;
				ENABLE_PREVIEWS = YES;
				INFOPLIST_FILE = DreamBelieveAchieve/Info.plist;
				LD_RUNPATH_SEARCH_PATHS = (
					"$(inherited)",
					"@executable_path/Frameworks",
				);
				MARKETING_VERSION = 1.0.8;
				PRODUCT_BUNDLE_IDENTIFIER = com.JakeGarcia.DreamBelieveAchieve;
				PRODUCT_NAME = "$(TARGET_NAME)";
				SWIFT_VERSION = 5.0;
				TARGETED_DEVICE_FAMILY = 1;
			};
			name = Debug;
		};
		1F0656052536B80F00DE26E0 /* Release */ = {
			isa = XCBuildConfiguration;
			baseConfigurationReference = 8207197ECC34CBEF6F1642BE /* Pods-DreamBelieveAchieve.release.xcconfig */;
			buildSettings = {
				ASSETCATALOG_COMPILER_APPICON_NAME = AppIcon;
				CODE_SIGN_STYLE = Automatic;
				DEVELOPMENT_ASSET_PATHS = "\"DreamBelieveAchieve/Preview Content\"";
				DEVELOPMENT_TEAM = P68NKZ4NT5;
				ENABLE_PREVIEWS = YES;
				INFOPLIST_FILE = DreamBelieveAchieve/Info.plist;
				LD_RUNPATH_SEARCH_PATHS = (
					"$(inherited)",
					"@executable_path/Frameworks",
				);
				MARKETING_VERSION = 1.0.8;
				PRODUCT_BUNDLE_IDENTIFIER = com.JakeGarcia.DreamBelieveAchieve;
				PRODUCT_NAME = "$(TARGET_NAME)";
				SWIFT_VERSION = 5.0;
				TARGETED_DEVICE_FAMILY = 1;
			};
			name = Release;
		};
/* End XCBuildConfiguration section */

/* Begin XCConfigurationList section */
		1F0655EA2536B80D00DE26E0 /* Build configuration list for PBXProject "DreamBelieveAchieve" */ = {
			isa = XCConfigurationList;
			buildConfigurations = (
				1F0656012536B80F00DE26E0 /* Debug */,
				1F0656022536B80F00DE26E0 /* Release */,
			);
			defaultConfigurationIsVisible = 0;
			defaultConfigurationName = Release;
		};
		1F0656032536B80F00DE26E0 /* Build configuration list for PBXNativeTarget "DreamBelieveAchieve" */ = {
			isa = XCConfigurationList;
			buildConfigurations = (
				1F0656042536B80F00DE26E0 /* Debug */,
				1F0656052536B80F00DE26E0 /* Release */,
			);
			defaultConfigurationIsVisible = 0;
			defaultConfigurationName = Release;
		};
/* End XCConfigurationList section */

/* Begin XCVersionGroup section */
		1F0656062536BD8600DE26E0 /* DreamBelieveAchieve.xcdatamodeld */ = {
			isa = XCVersionGroup;
			children = (
				1F0656072536BD8600DE26E0 /* DreamBelieveAchieve.xcdatamodel */,
			);
			currentVersion = 1F0656072536BD8600DE26E0 /* DreamBelieveAchieve.xcdatamodel */;
			path = DreamBelieveAchieve.xcdatamodeld;
			sourceTree = "<group>";
			versionGroupType = wrapper.xcdatamodel;
		};
/* End XCVersionGroup section */
	};
	rootObject = 1F0655E72536B80D00DE26E0 /* Project object */;
}
